
Microsoft Visual Studio Solution File, Format Version 12.00
# Visual Studio Version 16
VisualStudioVersion = 16.0.29009.5
MinimumVisualStudioVersion = 10.0.40219.1
Project("{FAE04EC0-301F-11D3-BF4B-00C04F79EFBC}") = "movieproject", "movieproject\movieproject.csproj", "{170C9E85-9683-44B4-8042-DE2DD356FCC9}"
EndProject
Global
	GlobalSection(SolutionConfigurationPlatforms) = preSolution
		Debug|Any CPU = Debug|Any CPU
		Release|Any CPU = Release|Any CPU
	EndGlobalSection
	GlobalSection(ProjectConfigurationPlatforms) = postSolution
		{170C9E85-9683-44B4-8042-DE2DD356FCC9}.Debug|Any CPU.ActiveCfg = Debug|Any CPU
		{170C9E85-9683-44B4-8042-DE2DD356FCC9}.Debug|Any CPU.Build.0 = Debug|Any CPU
		{170C9E85-9683-44B4-8042-DE2DD356FCC9}.Release|Any CPU.ActiveCfg = Release|Any CPU
		{170C9E85-9683-44B4-8042-DE2DD356FCC9}.Release|Any CPU.Build.0 = Release|Any CPU
	EndGlobalSection
	GlobalSection(SolutionProperties) = preSolution
		HideSolutionNode = FALSE
	EndGlobalSection
	GlobalSection(ExtensibilityGlobals) = postSolution
		SolutionGuid = {659349E1-A4B1-49F8-82AE-CF6C20B32CEE}
	EndGlobalSection
EndGlobal
